
Microsoft Visual Studio Solution File, Format Version 12.00
# Visual Studio Version 17
VisualStudioVersion = 17.1.32319.34
MinimumVisualStudioVersion = 10.0.40219.1
Project("{FAE04EC0-301F-11D3-BF4B-00C04F79EFBC}") = "C Shop", "C Shop\C Shop.csproj", "{A551623A-66B9-429B-8C45-083FCA0CF5AE}"
EndProject
Global
	GlobalSection(SolutionConfigurationPlatforms) = preSolution
		Debug|Any CPU = Debug|Any CPU
		Release|Any CPU = Release|Any CPU
	EndGlobalSection
	GlobalSection(ProjectConfigurationPlatforms) = postSolution
		{A551623A-66B9-429B-8C45-083FCA0CF5AE}.Debug|Any CPU.ActiveCfg = Debug|Any CPU
		{A551623A-66B9-429B-8C45-083FCA0CF5AE}.Debug|Any CPU.Build.0 = Debug|Any CPU
		{A551623A-66B9-429B-8C45-083FCA0CF5AE}.Release|Any CPU.ActiveCfg = Release|Any CPU
		{A551623A-66B9-429B-8C45-083FCA0CF5AE}.Release|Any CPU.Build.0 = Release|Any CPU
	EndGlobalSection
	GlobalSection(SolutionProperties) = preSolution
		HideSolutionNode = FALSE
	EndGlobalSection
	GlobalSection(ExtensibilityGlobals) = postSolution
		SolutionGuid = {5287704C-F9A5-45F8-95D0-AB640BB200B0}
	EndGlobalSection
EndGlobal
